
Microsoft Visual Studio Solution File, Format Version 12.00
# Visual Studio Version 17
VisualStudioVersion = 17.2.32616.157
MinimumVisualStudioVersion = 10.0.40219.1
Project("{FAE04EC0-301F-11D3-BF4B-00C04F79EFBC}") = "Panda", "Panda\Panda.csproj", "{ADCA7280-B9BE-4575-8A91-7E6CEBEE9EAE}"
EndProject
Global
	GlobalSection(SolutionConfigurationPlatforms) = preSolution
		Debug|Any CPU = Debug|Any CPU
		Release|Any CPU = Release|Any CPU
	EndGlobalSection
	GlobalSection(ProjectConfigurationPlatforms) = postSolution
		{ADCA7280-B9BE-4575-8A91-7E6CEBEE9EAE}.Debug|Any CPU.ActiveCfg = Debug|Any CPU
		{ADCA7280-B9BE-4575-8A91-7E6CEBEE9EAE}.Debug|Any CPU.Build.0 = Debug|Any CPU
		{ADCA7280-B9BE-4575-8A91-7E6CEBEE9EAE}.Release|Any CPU.ActiveCfg = Release|Any CPU
		{ADCA7280-B9BE-4575-8A91-7E6CEBEE9EAE}.Release|Any CPU.Build.0 = Release|Any CPU
	EndGlobalSection
	GlobalSection(SolutionProperties) = preSolution
		HideSolutionNode = FALSE
	EndGlobalSection
	GlobalSection(ExtensibilityGlobals) = postSolution
		SolutionGuid = {A4FFA3F0-B596-4357-84E3-76A3ED748F6B}
	EndGlobalSection
EndGlobal
